
Microsoft Visual Studio Solution File, Format Version 12.00
# Visual Studio 2013
VisualStudioVersion = 12.0.21005.1
MinimumVisualStudioVersion = 10.0.40219.1
Project("{FAE04EC0-301F-11D3-BF4B-00C04F79EFBC}") = "Historique", "Historique\Historique.csproj", "{81729CBF-69B6-45C9-97D5-708C713E0E59}"
	ProjectSection(ProjectDependencies) = postProject
		{D0B8B5D3-9D0B-49DA-83D1-1F9256FA3391} = {D0B8B5D3-9D0B-49DA-83D1-1F9256FA3391}
	EndProjectSection
EndProject
Project("{FAE04EC0-301F-11D3-BF4B-00C04F79EFBC}") = "Historique.Business", "Historique.Business\Historique.Business.csproj", "{D0B8B5D3-9D0B-49DA-83D1-1F9256FA3391}"
EndProject
Project("{FAE04EC0-301F-11D3-BF4B-00C04F79EFBC}") = "Historique.DAL", "Historique.DAL\Historique.DAL.csproj", "{F42EB452-5DE2-4DAA-9B76-E9D9C8D02160}"
EndProject
Project("{FAE04EC0-301F-11D3-BF4B-00C04F79EFBC}") = "Historique.DAL.Test", "Historique.DAL.Test\Historique.DAL.Test.csproj", "{57D7841E-8C93-4E70-82B9-289BC8ACF9B4}"
EndProject
Global
	GlobalSection(SolutionConfigurationPlatforms) = preSolution
		Debug|Any CPU = Debug|Any CPU
		Release|Any CPU = Release|Any CPU
	EndGlobalSection
	GlobalSection(ProjectConfigurationPlatforms) = postSolution
		{81729CBF-69B6-45C9-97D5-708C713E0E59}.Debug|Any CPU.ActiveCfg = Debug|Any CPU
		{81729CBF-69B6-45C9-97D5-708C713E0E59}.Debug|Any CPU.Build.0 = Debug|Any CPU
		{81729CBF-69B6-45C9-97D5-708C713E0E59}.Release|Any CPU.ActiveCfg = Release|Any CPU
		{81729CBF-69B6-45C9-97D5-708C713E0E59}.Release|Any CPU.Build.0 = Release|Any CPU
		{D0B8B5D3-9D0B-49DA-83D1-1F9256FA3391}.Debug|Any CPU.ActiveCfg = Debug|Any CPU
		{D0B8B5D3-9D0B-49DA-83D1-1F9256FA3391}.Debug|Any CPU.Build.0 = Debug|Any CPU
		{D0B8B5D3-9D0B-49DA-83D1-1F9256FA3391}.Release|Any CPU.ActiveCfg = Release|Any CPU
		{D0B8B5D3-9D0B-49DA-83D1-1F9256FA3391}.Release|Any CPU.Build.0 = Release|Any CPU
		{F42EB452-5DE2-4DAA-9B76-E9D9C8D02160}.Debug|Any CPU.ActiveCfg = Debug|Any CPU
		{F42EB452-5DE2-4DAA-9B76-E9D9C8D02160}.Debug|Any CPU.Build.0 = Debug|Any CPU
		{F42EB452-5DE2-4DAA-9B76-E9D9C8D02160}.Release|Any CPU.ActiveCfg = Release|Any CPU
		{F42EB452-5DE2-4DAA-9B76-E9D9C8D02160}.Release|Any CPU.Build.0 = Release|Any CPU
		{57D7841E-8C93-4E70-82B9-289BC8ACF9B4}.Debug|Any CPU.ActiveCfg = Debug|Any CPU
		{57D7841E-8C93-4E70-82B9-289BC8ACF9B4}.Debug|Any CPU.Build.0 = Debug|Any CPU
		{57D7841E-8C93-4E70-82B9-289BC8ACF9B4}.Release|Any CPU.ActiveCfg = Release|Any CPU
		{57D7841E-8C93-4E70-82B9-289BC8ACF9B4}.Release|Any CPU.Build.0 = Release|Any CPU
	EndGlobalSection
	GlobalSection(SolutionProperties) = preSolution
		HideSolutionNode = FALSE
	EndGlobalSection
EndGlobal
